// !$*UTF8*$!
{
	archiveVersion = 1;
	classes = {
	};
	objectVersion = 56;
	objects = {

/* Begin PBXBuildFile section */
		A027FDDF2C443C310061BF82 /* User.swift in Sources */ = {isa = PBXBuildFile; fileRef = A027FDDE2C443C310061BF82 /* User.swift */; };
		A027FDE92C45EECA0061BF82 /* WelcomeButton.swift in Sources */ = {isa = PBXBuildFile; fileRef = A027FDE82C45EECA0061BF82 /* WelcomeButton.swift */; };
		A027FDEB2C45F3260061BF82 /* Title.swift in Sources */ = {isa = PBXBuildFile; fileRef = A027FDEA2C45F3260061BF82 /* Title.swift */; };
		A027FDEF2C45F5920061BF82 /* ProfileView.swift in Sources */ = {isa = PBXBuildFile; fileRef = A027FDEE2C45F5920061BF82 /* ProfileView.swift */; };
		A027FDF12C45F5F60061BF82 /* SignUpView.swift in Sources */ = {isa = PBXBuildFile; fileRef = A027FDF02C45F5F60061BF82 /* SignUpView.swift */; };
		A027FDFB2C46E7280061BF82 /* LoginView.swift in Sources */ = {isa = PBXBuildFile; fileRef = A027FDFA2C46E7280061BF82 /* LoginView.swift */; };
		A029D53D2C8267B100EE8BA2 /* SettingsItem.swift in Sources */ = {isa = PBXBuildFile; fileRef = A029D53C2C8267B000EE8BA2 /* SettingsItem.swift */; };
		A04EC53B2C88F4FB00E147D0 /* BooksManager.swift in Sources */ = {isa = PBXBuildFile; fileRef = A04EC53A2C88F4FB00E147D0 /* BooksManager.swift */; };
		A04EC53F2C890C4100E147D0 /* ReadView.swift in Sources */ = {isa = PBXBuildFile; fileRef = A04EC53E2C890C4100E147D0 /* ReadView.swift */; };
		A04EC5412C89206800E147D0 /* ReadViewModel.swift in Sources */ = {isa = PBXBuildFile; fileRef = A04EC5402C89206800E147D0 /* ReadViewModel.swift */; };
		A04EC5432C8BB05F00E147D0 /* DiskCache.swift in Sources */ = {isa = PBXBuildFile; fileRef = A04EC5422C8BB05F00E147D0 /* DiskCache.swift */; };
		A04EC5452C8FB44400E147D0 /* ToReadView.swift in Sources */ = {isa = PBXBuildFile; fileRef = A04EC5442C8FB44400E147D0 /* ToReadView.swift */; };
		A04EC5472C8FB4DB00E147D0 /* ToReadViewModel.swift in Sources */ = {isa = PBXBuildFile; fileRef = A04EC5462C8FB4DB00E147D0 /* ToReadViewModel.swift */; };
		A04EC5492C8FD64C00E147D0 /* ProfileViewModel.swift in Sources */ = {isa = PBXBuildFile; fileRef = A04EC5482C8FD64C00E147D0 /* ProfileViewModel.swift */; };
		A04EC54D2C9A167700E147D0 /* ReadingView.swift in Sources */ = {isa = PBXBuildFile; fileRef = A04EC54C2C9A167700E147D0 /* ReadingView.swift */; };
		A04EC54F2C9A16FA00E147D0 /* ReadingViewModel.swift in Sources */ = {isa = PBXBuildFile; fileRef = A04EC54E2C9A16FA00E147D0 /* ReadingViewModel.swift */; };
		A07445812C9DD7A8003FD10C /* readingBookPreview.swift in Sources */ = {isa = PBXBuildFile; fileRef = A07445802C9DD7A8003FD10C /* readingBookPreview.swift */; };
		A09CCA082C41E075009381BA /* Final_ProjectApp.swift in Sources */ = {isa = PBXBuildFile; fileRef = A09CCA072C41E075009381BA /* Final_ProjectApp.swift */; };
		A09CCA0A2C41E075009381BA /* AppTabView.swift in Sources */ = {isa = PBXBuildFile; fileRef = A09CCA092C41E075009381BA /* AppTabView.swift */; };
		A09CCA0C2C41E076009381BA /* Assets.xcassets in Resources */ = {isa = PBXBuildFile; fileRef = A09CCA0B2C41E076009381BA /* Assets.xcassets */; };
		A09CCA0F2C41E076009381BA /* Preview Assets.xcassets in Resources */ = {isa = PBXBuildFile; fileRef = A09CCA0E2C41E076009381BA /* Preview Assets.xcassets */; };
		A09CCA162C41E7D9009381BA /* HomeView.swift in Sources */ = {isa = PBXBuildFile; fileRef = A09CCA152C41E7D9009381BA /* HomeView.swift */; };
		A09CCA182C41E7E9009381BA /* SearchView.swift in Sources */ = {isa = PBXBuildFile; fileRef = A09CCA172C41E7E9009381BA /* SearchView.swift */; };
		A0AF810D2C470A6E00937A35 /* InputView.swift in Sources */ = {isa = PBXBuildFile; fileRef = A0AF810C2C470A6E00937A35 /* InputView.swift */; };
		A0AF81122C49CA3300937A35 /* GoogleService-Info.plist in Resources */ = {isa = PBXBuildFile; fileRef = A0AF81112C49CA3300937A35 /* GoogleService-Info.plist */; };
		A0AF811D2C49D94700937A35 /* AuthViewModel.swift in Sources */ = {isa = PBXBuildFile; fileRef = A0AF811C2C49D94600937A35 /* AuthViewModel.swift */; };
		A0AF81202C49DB5A00937A35 /* FirebaseAuth in Frameworks */ = {isa = PBXBuildFile; productRef = A0AF811F2C49DB5A00937A35 /* FirebaseAuth */; };
		A0AF81222C49DB7500937A35 /* FirebaseFirestore in Frameworks */ = {isa = PBXBuildFile; productRef = A0AF81212C49DB7500937A35 /* FirebaseFirestore */; };
		A0AF81242C49DB7D00937A35 /* FirebaseFirestoreSwift in Frameworks */ = {isa = PBXBuildFile; productRef = A0AF81232C49DB7D00937A35 /* FirebaseFirestoreSwift */; };
		A0AF81262C49DB8B00937A35 /* FirebaseStorage in Frameworks */ = {isa = PBXBuildFile; productRef = A0AF81252C49DB8B00937A35 /* FirebaseStorage */; };
		A0AF81282C4C3A8500937A35 /* LogInViewModel.swift in Sources */ = {isa = PBXBuildFile; fileRef = A0AF81272C4C3A8500937A35 /* LogInViewModel.swift */; };
		A0AF812A2C4C41E700937A35 /* SignUpViewModel.swift in Sources */ = {isa = PBXBuildFile; fileRef = A0AF81292C4C41E700937A35 /* SignUpViewModel.swift */; };
		A0AF812F2C4EF43C00937A35 /* NetworkManager.swift in Sources */ = {isa = PBXBuildFile; fileRef = A0AF812E2C4EF43C00937A35 /* NetworkManager.swift */; };
		A0AF81312C4EF55800937A35 /* Book.swift in Sources */ = {isa = PBXBuildFile; fileRef = A0AF81302C4EF55800937A35 /* Book.swift */; };
		A0AF81352C4F1ECD00937A35 /* SearchViewModel.swift in Sources */ = {isa = PBXBuildFile; fileRef = A0AF81342C4F1ECD00937A35 /* SearchViewModel.swift */; };
		A0AF81382C5187F800937A35 /* SPSearchCell.swift in Sources */ = {isa = PBXBuildFile; fileRef = A0AF81372C5187F800937A35 /* SPSearchCell.swift */; };
		A0AF81412C52E92900937A35 /* TitleAuthorStack.swift in Sources */ = {isa = PBXBuildFile; fileRef = A0AF81402C52E92900937A35 /* TitleAuthorStack.swift */; };
		A0AF81432C52E97E00937A35 /* SearchImageCell.swift in Sources */ = {isa = PBXBuildFile; fileRef = A0AF81422C52E97E00937A35 /* SearchImageCell.swift */; };
		A0AF81472C5313E700937A35 /* SearchBar.swift in Sources */ = {isa = PBXBuildFile; fileRef = A0AF81462C5313E700937A35 /* SearchBar.swift */; };
		A0AF81492C5A997900937A35 /* BookPreView.swift in Sources */ = {isa = PBXBuildFile; fileRef = A0AF81482C5A997800937A35 /* BookPreView.swift */; };
		A0AF814B2C5ECE3700937A35 /* ProfilePlaceholder.swift in Sources */ = {isa = PBXBuildFile; fileRef = A0AF814A2C5ECE3700937A35 /* ProfilePlaceholder.swift */; };
		A0AF814D2C5ECF9500937A35 /* UserReadingsStack.swift in Sources */ = {isa = PBXBuildFile; fileRef = A0AF814C2C5ECF9500937A35 /* UserReadingsStack.swift */; };
		A0AF81502C5F365C00937A35 /* BookError.swift in Sources */ = {isa = PBXBuildFile; fileRef = A0AF814F2C5F365C00937A35 /* BookError.swift */; };
		A0AF81522C5F379100937A35 /* Alerts.swift in Sources */ = {isa = PBXBuildFile; fileRef = A0AF81512C5F379100937A35 /* Alerts.swift */; };
		A0AF81562C65613300937A35 /* String+Ext.swift in Sources */ = {isa = PBXBuildFile; fileRef = A0AF81552C65613300937A35 /* String+Ext.swift */; };
		A0AF81582C65A5AB00937A35 /* WelcomeView.swift in Sources */ = {isa = PBXBuildFile; fileRef = A0AF81572C65A5AB00937A35 /* WelcomeView.swift */; };
		A0D5B3622C6C03F50026BA9C /* PasswordView.swift in Sources */ = {isa = PBXBuildFile; fileRef = A0D5B3612C6C03F50026BA9C /* PasswordView.swift */; };
		A0D5B3642C6C0F7F0026BA9C /* PasswordCheckMarks.swift in Sources */ = {isa = PBXBuildFile; fileRef = A0D5B3632C6C0F7F0026BA9C /* PasswordCheckMarks.swift */; };
		A0D5B3662C6C44510026BA9C /* EmailCheckMark.swift in Sources */ = {isa = PBXBuildFile; fileRef = A0D5B3652C6C44510026BA9C /* EmailCheckMark.swift */; };
		A0D5B3682C6E583C0026BA9C /* ConfirmationView.swift in Sources */ = {isa = PBXBuildFile; fileRef = A0D5B3672C6E583C0026BA9C /* ConfirmationView.swift */; };
		A0D5B3722C73BB640026BA9C /* PostsView.swift in Sources */ = {isa = PBXBuildFile; fileRef = A0D5B3712C73BB640026BA9C /* PostsView.swift */; };
		A0D5B37C2C7800D10026BA9C /* PostCell.swift in Sources */ = {isa = PBXBuildFile; fileRef = A0D5B37B2C7800D10026BA9C /* PostCell.swift */; };
		A0D5B37F2C7811660026BA9C /* PostsViewModel.swift in Sources */ = {isa = PBXBuildFile; fileRef = A0D5B37E2C7811660026BA9C /* PostsViewModel.swift */; };
		A0D5B3812C7812C50026BA9C /* Post.swift in Sources */ = {isa = PBXBuildFile; fileRef = A0D5B3802C7812C50026BA9C /* Post.swift */; };
		A0DA6FCA2C9E0C0900E5A336 /* ProgressBookView.swift in Sources */ = {isa = PBXBuildFile; fileRef = A0DA6FC92C9E0C0900E5A336 /* ProgressBookView.swift */; };
/* End PBXBuildFile section */

/* Begin PBXFileReference section */
		A027FDDE2C443C310061BF82 /* User.swift */ = {isa = PBXFileReference; lastKnownFileType = sourcecode.swift; path = User.swift; sourceTree = "<group>"; };
		A027FDE82C45EECA0061BF82 /* WelcomeButton.swift */ = {isa = PBXFileReference; lastKnownFileType = sourcecode.swift; path = WelcomeButton.swift; sourceTree = "<group>"; };
		A027FDEA2C45F3260061BF82 /* Title.swift */ = {isa = PBXFileReference; lastKnownFileType = sourcecode.swift; path = Title.swift; sourceTree = "<group>"; };
		A027FDEE2C45F5920061BF82 /* ProfileView.swift */ = {isa = PBXFileReference; lastKnownFileType = sourcecode.swift; path = ProfileView.swift; sourceTree = "<group>"; };
		A027FDF02C45F5F60061BF82 /* SignUpView.swift */ = {isa = PBXFileReference; lastKnownFileType = sourcecode.swift; path = SignUpView.swift; sourceTree = "<group>"; };
		A027FDFA2C46E7280061BF82 /* LoginView.swift */ = {isa = PBXFileReference; lastKnownFileType = sourcecode.swift; path = LoginView.swift; sourceTree = "<group>"; };
		A029D53C2C8267B000EE8BA2 /* SettingsItem.swift */ = {isa = PBXFileReference; lastKnownFileType = sourcecode.swift; path = SettingsItem.swift; sourceTree = "<group>"; };
		A04EC53A2C88F4FB00E147D0 /* BooksManager.swift */ = {isa = PBXFileReference; lastKnownFileType = sourcecode.swift; path = BooksManager.swift; sourceTree = "<group>"; };
		A04EC53E2C890C4100E147D0 /* ReadView.swift */ = {isa = PBXFileReference; lastKnownFileType = sourcecode.swift; path = ReadView.swift; sourceTree = "<group>"; };
		A04EC5402C89206800E147D0 /* ReadViewModel.swift */ = {isa = PBXFileReference; lastKnownFileType = sourcecode.swift; path = ReadViewModel.swift; sourceTree = "<group>"; };
		A04EC5422C8BB05F00E147D0 /* DiskCache.swift */ = {isa = PBXFileReference; lastKnownFileType = sourcecode.swift; path = DiskCache.swift; sourceTree = "<group>"; };
		A04EC5442C8FB44400E147D0 /* ToReadView.swift */ = {isa = PBXFileReference; lastKnownFileType = sourcecode.swift; path = ToReadView.swift; sourceTree = "<group>"; };
		A04EC5462C8FB4DB00E147D0 /* ToReadViewModel.swift */ = {isa = PBXFileReference; lastKnownFileType = sourcecode.swift; path = ToReadViewModel.swift; sourceTree = "<group>"; };
		A04EC5482C8FD64C00E147D0 /* ProfileViewModel.swift */ = {isa = PBXFileReference; lastKnownFileType = sourcecode.swift; path = ProfileViewModel.swift; sourceTree = "<group>"; };
		A04EC54C2C9A167700E147D0 /* ReadingView.swift */ = {isa = PBXFileReference; lastKnownFileType = sourcecode.swift; path = ReadingView.swift; sourceTree = "<group>"; };
		A04EC54E2C9A16FA00E147D0 /* ReadingViewModel.swift */ = {isa = PBXFileReference; lastKnownFileType = sourcecode.swift; path = ReadingViewModel.swift; sourceTree = "<group>"; };
		A07445802C9DD7A8003FD10C /* readingBookPreview.swift */ = {isa = PBXFileReference; lastKnownFileType = sourcecode.swift; path = readingBookPreview.swift; sourceTree = "<group>"; };
		A09CCA042C41E075009381BA /* Final-Project.app */ = {isa = PBXFileReference; explicitFileType = wrapper.application; includeInIndex = 0; path = "Final-Project.app"; sourceTree = BUILT_PRODUCTS_DIR; };
		A09CCA072C41E075009381BA /* Final_ProjectApp.swift */ = {isa = PBXFileReference; lastKnownFileType = sourcecode.swift; path = Final_ProjectApp.swift; sourceTree = "<group>"; };
		A09CCA092C41E075009381BA /* AppTabView.swift */ = {isa = PBXFileReference; lastKnownFileType = sourcecode.swift; path = AppTabView.swift; sourceTree = "<group>"; };
		A09CCA0B2C41E076009381BA /* Assets.xcassets */ = {isa = PBXFileReference; lastKnownFileType = folder.assetcatalog; path = Assets.xcassets; sourceTree = "<group>"; };
		A09CCA0E2C41E076009381BA /* Preview Assets.xcassets */ = {isa = PBXFileReference; lastKnownFileType = folder.assetcatalog; path = "Preview Assets.xcassets"; sourceTree = "<group>"; };
		A09CCA152C41E7D9009381BA /* HomeView.swift */ = {isa = PBXFileReference; lastKnownFileType = sourcecode.swift; path = HomeView.swift; sourceTree = "<group>"; };
		A09CCA172C41E7E9009381BA /* SearchView.swift */ = {isa = PBXFileReference; lastKnownFileType = sourcecode.swift; path = SearchView.swift; sourceTree = "<group>"; };
		A0AF810C2C470A6E00937A35 /* InputView.swift */ = {isa = PBXFileReference; lastKnownFileType = sourcecode.swift; path = InputView.swift; sourceTree = "<group>"; };
		A0AF81112C49CA3300937A35 /* GoogleService-Info.plist */ = {isa = PBXFileReference; fileEncoding = 4; lastKnownFileType = text.plist.xml; path = "GoogleService-Info.plist"; sourceTree = "<group>"; };
		A0AF811C2C49D94600937A35 /* AuthViewModel.swift */ = {isa = PBXFileReference; lastKnownFileType = sourcecode.swift; path = AuthViewModel.swift; sourceTree = "<group>"; };
		A0AF81272C4C3A8500937A35 /* LogInViewModel.swift */ = {isa = PBXFileReference; lastKnownFileType = sourcecode.swift; path = LogInViewModel.swift; sourceTree = "<group>"; };
		A0AF81292C4C41E700937A35 /* SignUpViewModel.swift */ = {isa = PBXFileReference; lastKnownFileType = sourcecode.swift; path = SignUpViewModel.swift; sourceTree = "<group>"; };
		A0AF812E2C4EF43C00937A35 /* NetworkManager.swift */ = {isa = PBXFileReference; lastKnownFileType = sourcecode.swift; path = NetworkManager.swift; sourceTree = "<group>"; };
		A0AF81302C4EF55800937A35 /* Book.swift */ = {isa = PBXFileReference; lastKnownFileType = sourcecode.swift; path = Book.swift; sourceTree = "<group>"; };
		A0AF81342C4F1ECD00937A35 /* SearchViewModel.swift */ = {isa = PBXFileReference; lastKnownFileType = sourcecode.swift; path = SearchViewModel.swift; sourceTree = "<group>"; };
		A0AF81372C5187F800937A35 /* SPSearchCell.swift */ = {isa = PBXFileReference; lastKnownFileType = sourcecode.swift; path = SPSearchCell.swift; sourceTree = "<group>"; };
		A0AF81402C52E92900937A35 /* TitleAuthorStack.swift */ = {isa = PBXFileReference; lastKnownFileType = sourcecode.swift; path = TitleAuthorStack.swift; sourceTree = "<group>"; };
		A0AF81422C52E97E00937A35 /* SearchImageCell.swift */ = {isa = PBXFileReference; lastKnownFileType = sourcecode.swift; path = SearchImageCell.swift; sourceTree = "<group>"; };
		A0AF81462C5313E700937A35 /* SearchBar.swift */ = {isa = PBXFileReference; lastKnownFileType = sourcecode.swift; path = SearchBar.swift; sourceTree = "<group>"; };
		A0AF81482C5A997800937A35 /* BookPreView.swift */ = {isa = PBXFileReference; lastKnownFileType = sourcecode.swift; path = BookPreView.swift; sourceTree = "<group>"; };
		A0AF814A2C5ECE3700937A35 /* ProfilePlaceholder.swift */ = {isa = PBXFileReference; lastKnownFileType = sourcecode.swift; path = ProfilePlaceholder.swift; sourceTree = "<group>"; };
		A0AF814C2C5ECF9500937A35 /* UserReadingsStack.swift */ = {isa = PBXFileReference; lastKnownFileType = sourcecode.swift; path = UserReadingsStack.swift; sourceTree = "<group>"; };
		A0AF814F2C5F365C00937A35 /* BookError.swift */ = {isa = PBXFileReference; lastKnownFileType = sourcecode.swift; path = BookError.swift; sourceTree = "<group>"; };
		A0AF81512C5F379100937A35 /* Alerts.swift */ = {isa = PBXFileReference; lastKnownFileType = sourcecode.swift; path = Alerts.swift; sourceTree = "<group>"; };
		A0AF81532C6440A800937A35 /* Info.plist */ = {isa = PBXFileReference; lastKnownFileType = text.plist; path = Info.plist; sourceTree = "<group>"; };
		A0AF81552C65613300937A35 /* String+Ext.swift */ = {isa = PBXFileReference; lastKnownFileType = sourcecode.swift; path = "String+Ext.swift"; sourceTree = "<group>"; };
		A0AF81572C65A5AB00937A35 /* WelcomeView.swift */ = {isa = PBXFileReference; lastKnownFileType = sourcecode.swift; path = WelcomeView.swift; sourceTree = "<group>"; };
		A0AF81592C6AA8D600937A35 /* Final-Project.entitlements */ = {isa = PBXFileReference; lastKnownFileType = text.plist.entitlements; path = "Final-Project.entitlements"; sourceTree = "<group>"; };
		A0D5B3612C6C03F50026BA9C /* PasswordView.swift */ = {isa = PBXFileReference; lastKnownFileType = sourcecode.swift; path = PasswordView.swift; sourceTree = "<group>"; };
		A0D5B3632C6C0F7F0026BA9C /* PasswordCheckMarks.swift */ = {isa = PBXFileReference; lastKnownFileType = sourcecode.swift; path = PasswordCheckMarks.swift; sourceTree = "<group>"; };
		A0D5B3652C6C44510026BA9C /* EmailCheckMark.swift */ = {isa = PBXFileReference; lastKnownFileType = sourcecode.swift; path = EmailCheckMark.swift; sourceTree = "<group>"; };
		A0D5B3672C6E583C0026BA9C /* ConfirmationView.swift */ = {isa = PBXFileReference; lastKnownFileType = sourcecode.swift; path = ConfirmationView.swift; sourceTree = "<group>"; };
		A0D5B3712C73BB640026BA9C /* PostsView.swift */ = {isa = PBXFileReference; lastKnownFileType = sourcecode.swift; path = PostsView.swift; sourceTree = "<group>"; };
		A0D5B37B2C7800D10026BA9C /* PostCell.swift */ = {isa = PBXFileReference; lastKnownFileType = sourcecode.swift; path = PostCell.swift; sourceTree = "<group>"; };
		A0D5B37E2C7811660026BA9C /* PostsViewModel.swift */ = {isa = PBXFileReference; lastKnownFileType = sourcecode.swift; path = PostsViewModel.swift; sourceTree = "<group>"; };
		A0D5B3802C7812C50026BA9C /* Post.swift */ = {isa = PBXFileReference; lastKnownFileType = sourcecode.swift; path = Post.swift; sourceTree = "<group>"; };
		A0DA6FC92C9E0C0900E5A336 /* ProgressBookView.swift */ = {isa = PBXFileReference; lastKnownFileType = sourcecode.swift; path = ProgressBookView.swift; sourceTree = "<group>"; };
/* End PBXFileReference section */

/* Begin PBXFrameworksBuildPhase section */
		A09CCA012C41E075009381BA /* Frameworks */ = {
			isa = PBXFrameworksBuildPhase;
			buildActionMask = 2147483647;
			files = (
				A0AF81202C49DB5A00937A35 /* FirebaseAuth in Frameworks */,
				A0AF81262C49DB8B00937A35 /* FirebaseStorage in Frameworks */,
				A0AF81222C49DB7500937A35 /* FirebaseFirestore in Frameworks */,
				A0AF81242C49DB7D00937A35 /* FirebaseFirestoreSwift in Frameworks */,
			);
			runOnlyForDeploymentPostprocessing = 0;
		};
/* End PBXFrameworksBuildPhase section */

/* Begin PBXGroup section */
		A027FDDD2C443C240061BF82 /* Model */ = {
			isa = PBXGroup;
			children = (
				A027FDDE2C443C310061BF82 /* User.swift */,
				A0AF81302C4EF55800937A35 /* Book.swift */,
				A0D5B3802C7812C50026BA9C /* Post.swift */,
			);
			path = Model;
			sourceTree = "<group>";
		};
		A027FDE02C443D670061BF82 /* Screens */ = {
			isa = PBXGroup;
			children = (
				A0AF811A2C49D8D400937A35 /* Welcome */,
				A0AF81182C49D85A00937A35 /* Tabs */,
				A027FDF92C46E7090061BF82 /* Login */,
				A027FDF82C46E6B90061BF82 /* Signup */,
			);
			path = Screens;
			sourceTree = "<group>";
		};
		A027FDEC2C45F4C00061BF82 /* Buttons */ = {
			isa = PBXGroup;
			children = (
				A027FDE82C45EECA0061BF82 /* WelcomeButton.swift */,
			);
			path = Buttons;
			sourceTree = "<group>";
		};
		A027FDED2C45F4D80061BF82 /* Titles */ = {
			isa = PBXGroup;
			children = (
				A027FDEA2C45F3260061BF82 /* Title.swift */,
			);
			path = Titles;
			sourceTree = "<group>";
		};
		A027FDF82C46E6B90061BF82 /* Signup */ = {
			isa = PBXGroup;
			children = (
				A027FDF02C45F5F60061BF82 /* SignUpView.swift */,
				A0AF81292C4C41E700937A35 /* SignUpViewModel.swift */,
				A0D5B3612C6C03F50026BA9C /* PasswordView.swift */,
				A0D5B3672C6E583C0026BA9C /* ConfirmationView.swift */,
			);
			path = Signup;
			sourceTree = "<group>";
		};
		A027FDF92C46E7090061BF82 /* Login */ = {
			isa = PBXGroup;
			children = (
				A0AF81272C4C3A8500937A35 /* LogInViewModel.swift */,
				A027FDFA2C46E7280061BF82 /* LoginView.swift */,
			);
			path = Login;
			sourceTree = "<group>";
		};
		A074457B2C9CC1B2003FD10C /* Sections */ = {
			isa = PBXGroup;
			children = (
				A0D5B37D2C78114B0026BA9C /* Posts */,
				A074457E2C9CC206003FD10C /* To Read */,
				A074457D2C9CC1F0003FD10C /* Reading */,
				A074457C2C9CC1CF003FD10C /* Read */,
			);
			path = Sections;
			sourceTree = "<group>";
		};
		A074457C2C9CC1CF003FD10C /* Read */ = {
			isa = PBXGroup;
			children = (
				A04EC53E2C890C4100E147D0 /* ReadView.swift */,
				A04EC5402C89206800E147D0 /* ReadViewModel.swift */,
			);
			path = Read;
			sourceTree = "<group>";
		};
		A074457D2C9CC1F0003FD10C /* Reading */ = {
			isa = PBXGroup;
			children = (
				A04EC54C2C9A167700E147D0 /* ReadingView.swift */,
				A04EC54E2C9A16FA00E147D0 /* ReadingViewModel.swift */,
			);
			path = Reading;
			sourceTree = "<group>";
		};
		A074457E2C9CC206003FD10C /* To Read */ = {
			isa = PBXGroup;
			children = (
				A04EC5442C8FB44400E147D0 /* ToReadView.swift */,
				A04EC5462C8FB4DB00E147D0 /* ToReadViewModel.swift */,
			);
			path = "To Read";
			sourceTree = "<group>";
		};
		A074457F2C9CC80C003FD10C /* CheckMarks */ = {
			isa = PBXGroup;
			children = (
				A0D5B3632C6C0F7F0026BA9C /* PasswordCheckMarks.swift */,
				A0D5B3652C6C44510026BA9C /* EmailCheckMark.swift */,
			);
			path = CheckMarks;
			sourceTree = "<group>";
		};
		A09CC9FB2C41E075009381BA = {
			isa = PBXGroup;
			children = (
				A09CCA062C41E075009381BA /* Final-Project */,
			);
			sourceTree = "<group>";
		};
		A09CCA052C41E075009381BA /* Products */ = {
			isa = PBXGroup;
			children = (
				A09CCA042C41E075009381BA /* Final-Project.app */,
			);
			name = Products;
			path = ..;
			sourceTree = "<group>";
		};
		A09CCA062C41E075009381BA /* Final-Project */ = {
			isa = PBXGroup;
			children = (
				A0AF81592C6AA8D600937A35 /* Final-Project.entitlements */,
				A0AF81532C6440A800937A35 /* Info.plist */,
				A09CCA072C41E075009381BA /* Final_ProjectApp.swift */,
				A09CCA052C41E075009381BA /* Products */,
				A0AF812B2C4EF3F900937A35 /* Utilities */,
				A027FDE02C443D670061BF82 /* Screens */,
				A027FDDD2C443C240061BF82 /* Model */,
				A09CCA1F2C41EB44009381BA /* Views */,
				A09CCA0B2C41E076009381BA /* Assets.xcassets */,
				A0AF81112C49CA3300937A35 /* GoogleService-Info.plist */,
				A09CCA0D2C41E076009381BA /* Preview Content */,
			);
			path = "Final-Project";
			sourceTree = "<group>";
		};
		A09CCA0D2C41E076009381BA /* Preview Content */ = {
			isa = PBXGroup;
			children = (
				A09CCA0E2C41E076009381BA /* Preview Assets.xcassets */,
			);
			path = "Preview Content";
			sourceTree = "<group>";
		};
		A09CCA1F2C41EB44009381BA /* Views */ = {
			isa = PBXGroup;
			children = (
				A074457F2C9CC80C003FD10C /* CheckMarks */,
				A0AF813D2C52E45000937A35 /* Image */,
				A0AF81362C5187C100937A35 /* Cells */,
				A0AF81142C49D7DF00937A35 /* InputFields */,
				A027FDED2C45F4D80061BF82 /* Titles */,
				A027FDEC2C45F4C00061BF82 /* Buttons */,
				A0AF81402C52E92900937A35 /* TitleAuthorStack.swift */,
				A0AF814A2C5ECE3700937A35 /* ProfilePlaceholder.swift */,
				A0AF814C2C5ECF9500937A35 /* UserReadingsStack.swift */,
			);
			path = Views;
			sourceTree = "<group>";
		};
		A0AF810E2C49B11500937A35 /* Profile */ = {
			isa = PBXGroup;
			children = (
				A027FDEE2C45F5920061BF82 /* ProfileView.swift */,
				A04EC5482C8FD64C00E147D0 /* ProfileViewModel.swift */,
				A074457B2C9CC1B2003FD10C /* Sections */,
			);
			path = Profile;
			sourceTree = "<group>";
		};
		A0AF81142C49D7DF00937A35 /* InputFields */ = {
			isa = PBXGroup;
			children = (
				A0AF810C2C470A6E00937A35 /* InputView.swift */,
			);
			path = InputFields;
			sourceTree = "<group>";
		};
		A0AF81152C49D82C00937A35 /* Home */ = {
			isa = PBXGroup;
			children = (
				A09CCA152C41E7D9009381BA /* HomeView.swift */,
			);
			path = Home;
			sourceTree = "<group>";
		};
		A0AF81162C49D83300937A35 /* Search */ = {
			isa = PBXGroup;
			children = (
				A09CCA172C41E7E9009381BA /* SearchView.swift */,
				A0AF81342C4F1ECD00937A35 /* SearchViewModel.swift */,
			);
			path = Search;
			sourceTree = "<group>";
		};
		A0AF81182C49D85A00937A35 /* Tabs */ = {
			isa = PBXGroup;
			children = (
				A09CCA092C41E075009381BA /* AppTabView.swift */,
				A0AF810E2C49B11500937A35 /* Profile */,
				A0AF81152C49D82C00937A35 /* Home */,
				A0AF81162C49D83300937A35 /* Search */,
			);
			path = Tabs;
			sourceTree = "<group>";
		};
		A0AF811A2C49D8D400937A35 /* Welcome */ = {
			isa = PBXGroup;
			children = (
				A0AF81572C65A5AB00937A35 /* WelcomeView.swift */,
			);
			path = Welcome;
			sourceTree = "<group>";
		};
		A0AF811B2C49D91900937A35 /* Authentication */ = {
			isa = PBXGroup;
			children = (
				A0AF811C2C49D94600937A35 /* AuthViewModel.swift */,
			);
			path = Authentication;
			sourceTree = "<group>";
		};
		A0AF812B2C4EF3F900937A35 /* Utilities */ = {
			isa = PBXGroup;
			children = (
				A0AF81542C65610D00937A35 /* Extenstions */,
				A0AF814E2C5F35D800937A35 /* Alerts */,
				A0AF811B2C49D91900937A35 /* Authentication */,
				A0AF812D2C4EF42F00937A35 /* Managers */,
				A04EC5422C8BB05F00E147D0 /* DiskCache.swift */,
			);
			path = Utilities;
			sourceTree = "<group>";
		};
		A0AF812D2C4EF42F00937A35 /* Managers */ = {
			isa = PBXGroup;
			children = (
				A0AF812E2C4EF43C00937A35 /* NetworkManager.swift */,
				A04EC53A2C88F4FB00E147D0 /* BooksManager.swift */,
			);
			path = Managers;
			sourceTree = "<group>";
		};
		A0AF81362C5187C100937A35 /* Cells */ = {
			isa = PBXGroup;
			children = (
				A0AF81372C5187F800937A35 /* SPSearchCell.swift */,
				A0AF81462C5313E700937A35 /* SearchBar.swift */,
				A0AF81482C5A997800937A35 /* BookPreView.swift */,
				A0D5B37B2C7800D10026BA9C /* PostCell.swift */,
				A029D53C2C8267B000EE8BA2 /* SettingsItem.swift */,
				A07445802C9DD7A8003FD10C /* readingBookPreview.swift */,
				A0DA6FC92C9E0C0900E5A336 /* ProgressBookView.swift */,
			);
			path = Cells;
			sourceTree = "<group>";
		};
		A0AF813D2C52E45000937A35 /* Image */ = {
			isa = PBXGroup;
			children = (
				A0AF81422C52E97E00937A35 /* SearchImageCell.swift */,
			);
			path = Image;
			sourceTree = "<group>";
		};
		A0AF814E2C5F35D800937A35 /* Alerts */ = {
			isa = PBXGroup;
			children = (
				A0AF814F2C5F365C00937A35 /* BookError.swift */,
				A0AF81512C5F379100937A35 /* Alerts.swift */,
			);
			path = Alerts;
			sourceTree = "<group>";
		};
		A0AF81542C65610D00937A35 /* Extenstions */ = {
			isa = PBXGroup;
			children = (
				A0AF81552C65613300937A35 /* String+Ext.swift */,
			);
			path = Extenstions;
			sourceTree = "<group>";
		};
		A0D5B37D2C78114B0026BA9C /* Posts */ = {
			isa = PBXGroup;
			children = (
				A0D5B3712C73BB640026BA9C /* PostsView.swift */,
				A0D5B37E2C7811660026BA9C /* PostsViewModel.swift */,
			);
			path = Posts;
			sourceTree = "<group>";
		};
/* End PBXGroup section */

/* Begin PBXNativeTarget section */
		A09CCA032C41E075009381BA /* Final-Project */ = {
			isa = PBXNativeTarget;
			buildConfigurationList = A09CCA122C41E076009381BA /* Build configuration list for PBXNativeTarget "Final-Project" */;
			buildPhases = (
				A09CCA002C41E075009381BA /* Sources */,
				A09CCA012C41E075009381BA /* Frameworks */,
				A09CCA022C41E075009381BA /* Resources */,
			);
			buildRules = (
			);
			dependencies = (
			);
			name = "Final-Project";
			packageProductDependencies = (
				A0AF811F2C49DB5A00937A35 /* FirebaseAuth */,
				A0AF81212C49DB7500937A35 /* FirebaseFirestore */,
				A0AF81232C49DB7D00937A35 /* FirebaseFirestoreSwift */,
				A0AF81252C49DB8B00937A35 /* FirebaseStorage */,
			);
			productName = "Final-Project";
			productReference = A09CCA042C41E075009381BA /* Final-Project.app */;
			productType = "com.apple.product-type.application";
		};
/* End PBXNativeTarget section */

/* Begin PBXProject section */
		A09CC9FC2C41E075009381BA /* Project object */ = {
			isa = PBXProject;
			attributes = {
				BuildIndependentTargetsInParallel = 1;
				LastSwiftUpdateCheck = 1530;
				LastUpgradeCheck = 1530;
				TargetAttributes = {
					A09CCA032C41E075009381BA = {
						CreatedOnToolsVersion = 15.3;
					};
				};
			};
			buildConfigurationList = A09CC9FF2C41E075009381BA /* Build configuration list for PBXProject "Final-Project" */;
			compatibilityVersion = "Xcode 14.0";
			developmentRegion = en;
			hasScannedForEncodings = 0;
			knownRegions = (
				en,
				Base,
			);
			mainGroup = A09CC9FB2C41E075009381BA;
			packageReferences = (
				A0AF81132C49CF6900937A35 /* XCRemoteSwiftPackageReference "firebase-ios-sdk" */,
			);
			productRefGroup = A09CCA052C41E075009381BA /* Products */;
			projectDirPath = "";
			projectRoot = "";
			targets = (
				A09CCA032C41E075009381BA /* Final-Project */,
			);
		};
/* End PBXProject section */

/* Begin PBXResourcesBuildPhase section */
		A09CCA022C41E075009381BA /* Resources */ = {
			isa = PBXResourcesBuildPhase;
			buildActionMask = 2147483647;
			files = (
				A09CCA0F2C41E076009381BA /* Preview Assets.xcassets in Resources */,
				A09CCA0C2C41E076009381BA /* Assets.xcassets in Resources */,
				A0AF81122C49CA3300937A35 /* GoogleService-Info.plist in Resources */,
			);
			runOnlyForDeploymentPostprocessing = 0;
		};
/* End PBXResourcesBuildPhase section */

/* Begin PBXSourcesBuildPhase section */
		A09CCA002C41E075009381BA /* Sources */ = {
			isa = PBXSourcesBuildPhase;
			buildActionMask = 2147483647;
			files = (
				A07445812C9DD7A8003FD10C /* readingBookPreview.swift in Sources */,
				A0AF81352C4F1ECD00937A35 /* SearchViewModel.swift in Sources */,
				A0D5B3622C6C03F50026BA9C /* PasswordView.swift in Sources */,
				A0AF812F2C4EF43C00937A35 /* NetworkManager.swift in Sources */,
				A04EC5472C8FB4DB00E147D0 /* ToReadViewModel.swift in Sources */,
				A0AF811D2C49D94700937A35 /* AuthViewModel.swift in Sources */,
				A0AF81412C52E92900937A35 /* TitleAuthorStack.swift in Sources */,
				A0D5B3812C7812C50026BA9C /* Post.swift in Sources */,
				A09CCA182C41E7E9009381BA /* SearchView.swift in Sources */,
				A027FDEF2C45F5920061BF82 /* ProfileView.swift in Sources */,
				A0AF81382C5187F800937A35 /* SPSearchCell.swift in Sources */,
				A0D5B3662C6C44510026BA9C /* EmailCheckMark.swift in Sources */,
				A09CCA162C41E7D9009381BA /* HomeView.swift in Sources */,
				A04EC53F2C890C4100E147D0 /* ReadView.swift in Sources */,
				A0AF812A2C4C41E700937A35 /* SignUpViewModel.swift in Sources */,
				A027FDEB2C45F3260061BF82 /* Title.swift in Sources */,
				A09CCA0A2C41E075009381BA /* AppTabView.swift in Sources */,
				A0D5B37C2C7800D10026BA9C /* PostCell.swift in Sources */,
				A0AF81522C5F379100937A35 /* Alerts.swift in Sources */,
				A0AF81312C4EF55800937A35 /* Book.swift in Sources */,
				A04EC54F2C9A16FA00E147D0 /* ReadingViewModel.swift in Sources */,
				A0AF81432C52E97E00937A35 /* SearchImageCell.swift in Sources */,
				A0D5B3642C6C0F7F0026BA9C /* PasswordCheckMarks.swift in Sources */,
				A0AF81472C5313E700937A35 /* SearchBar.swift in Sources */,
				A0AF81492C5A997900937A35 /* BookPreView.swift in Sources */,
				A027FDE92C45EECA0061BF82 /* WelcomeButton.swift in Sources */,
				A027FDFB2C46E7280061BF82 /* LoginView.swift in Sources */,
				A04EC5492C8FD64C00E147D0 /* ProfileViewModel.swift in Sources */,
				A027FDF12C45F5F60061BF82 /* SignUpView.swift in Sources */,
				A0DA6FCA2C9E0C0900E5A336 /* ProgressBookView.swift in Sources */,
				A0D5B3682C6E583C0026BA9C /* ConfirmationView.swift in Sources */,
				A04EC54D2C9A167700E147D0 /* ReadingView.swift in Sources */,
				A027FDDF2C443C310061BF82 /* User.swift in Sources */,
				A09CCA082C41E075009381BA /* Final_ProjectApp.swift in Sources */,
				A04EC5432C8BB05F00E147D0 /* DiskCache.swift in Sources */,
				A029D53D2C8267B100EE8BA2 /* SettingsItem.swift in Sources */,
				A04EC53B2C88F4FB00E147D0 /* BooksManager.swift in Sources */,
				A04EC5452C8FB44400E147D0 /* ToReadView.swift in Sources */,
				A0AF810D2C470A6E00937A35 /* InputView.swift in Sources */,
				A0AF81502C5F365C00937A35 /* BookError.swift in Sources */,
				A0D5B3722C73BB640026BA9C /* PostsView.swift in Sources */,
				A04EC5412C89206800E147D0 /* ReadViewModel.swift in Sources */,
				A0AF814D2C5ECF9500937A35 /* UserReadingsStack.swift in Sources */,
				A0AF81582C65A5AB00937A35 /* WelcomeView.swift in Sources */,
				A0D5B37F2C7811660026BA9C /* PostsViewModel.swift in Sources */,
				A0AF81282C4C3A8500937A35 /* LogInViewModel.swift in Sources */,
				A0AF81562C65613300937A35 /* String+Ext.swift in Sources */,
				A0AF814B2C5ECE3700937A35 /* ProfilePlaceholder.swift in Sources */,
			);
			runOnlyForDeploymentPostprocessing = 0;
		};
/* End PBXSourcesBuildPhase section */

/* Begin XCBuildConfiguration section */
		A09CCA102C41E076009381BA /* Debug */ = {
			isa = XCBuildConfiguration;
			buildSettings = {
				ALWAYS_SEARCH_USER_PATHS = NO;
				ASSETCATALOG_COMPILER_GENERATE_SWIFT_ASSET_SYMBOL_EXTENSIONS = YES;
				CLANG_ANALYZER_NONNULL = YES;
				CLANG_ANALYZER_NUMBER_OBJECT_CONVERSION = YES_AGGRESSIVE;
				CLANG_CXX_LANGUAGE_STANDARD = "gnu++20";
				CLANG_ENABLE_MODULES = YES;
				CLANG_ENABLE_OBJC_ARC = YES;
				CLANG_ENABLE_OBJC_WEAK = YES;
				CLANG_WARN_BLOCK_CAPTURE_AUTORELEASING = YES;
				CLANG_WARN_BOOL_CONVERSION = YES;
				CLANG_WARN_COMMA = YES;
				CLANG_WARN_CONSTANT_CONVERSION = YES;
				CLANG_WARN_DEPRECATED_OBJC_IMPLEMENTATIONS = YES;
				CLANG_WARN_DIRECT_OBJC_ISA_USAGE = YES_ERROR;
				CLANG_WARN_DOCUMENTATION_COMMENTS = YES;
				CLANG_WARN_EMPTY_BODY = YES;
				CLANG_WARN_ENUM_CONVERSION = YES;
				CLANG_WARN_INFINITE_RECURSION = YES;
				CLANG_WARN_INT_CONVERSION = YES;
				CLANG_WARN_NON_LITERAL_NULL_CONVERSION = YES;
				CLANG_WARN_OBJC_IMPLICIT_RETAIN_SELF = YES;
				CLANG_WARN_OBJC_LITERAL_CONVERSION = YES;
				CLANG_WARN_OBJC_ROOT_CLASS = YES_ERROR;
				CLANG_WARN_QUOTED_INCLUDE_IN_FRAMEWORK_HEADER = YES;
				CLANG_WARN_RANGE_LOOP_ANALYSIS = YES;
				CLANG_WARN_STRICT_PROTOTYPES = YES;
				CLANG_WARN_SUSPICIOUS_MOVE = YES;
				CLANG_WARN_UNGUARDED_AVAILABILITY = YES_AGGRESSIVE;
				CLANG_WARN_UNREACHABLE_CODE = YES;
				CLANG_WARN__DUPLICATE_METHOD_MATCH = YES;
				COPY_PHASE_STRIP = NO;
				DEBUG_INFORMATION_FORMAT = dwarf;
				ENABLE_STRICT_OBJC_MSGSEND = YES;
				ENABLE_TESTABILITY = YES;
				ENABLE_USER_SCRIPT_SANDBOXING = YES;
				GCC_C_LANGUAGE_STANDARD = gnu17;
				GCC_DYNAMIC_NO_PIC = NO;
				GCC_NO_COMMON_BLOCKS = YES;
				GCC_OPTIMIZATION_LEVEL = 0;
				GCC_PREPROCESSOR_DEFINITIONS = (
					"DEBUG=1",
					"$(inherited)",
				);
				GCC_WARN_64_TO_32_BIT_CONVERSION = YES;
				GCC_WARN_ABOUT_RETURN_TYPE = YES_ERROR;
				GCC_WARN_UNDECLARED_SELECTOR = YES;
				GCC_WARN_UNINITIALIZED_AUTOS = YES_AGGRESSIVE;
				GCC_WARN_UNUSED_FUNCTION = YES;
				GCC_WARN_UNUSED_VARIABLE = YES;
				IPHONEOS_DEPLOYMENT_TARGET = 17.4;
				LOCALIZATION_PREFERS_STRING_CATALOGS = YES;
				MTL_ENABLE_DEBUG_INFO = INCLUDE_SOURCE;
				MTL_FAST_MATH = YES;
				ONLY_ACTIVE_ARCH = YES;
				SDKROOT = iphoneos;
				SWIFT_ACTIVE_COMPILATION_CONDITIONS = "DEBUG $(inherited)";
				SWIFT_OPTIMIZATION_LEVEL = "-Onone";
			};
			name = Debug;
		};
		A09CCA112C41E076009381BA /* Release */ = {
			isa = XCBuildConfiguration;
			buildSettings = {
				ALWAYS_SEARCH_USER_PATHS = NO;
				ASSETCATALOG_COMPILER_GENERATE_SWIFT_ASSET_SYMBOL_EXTENSIONS = YES;
				CLANG_ANALYZER_NONNULL = YES;
				CLANG_ANALYZER_NUMBER_OBJECT_CONVERSION = YES_AGGRESSIVE;
				CLANG_CXX_LANGUAGE_STANDARD = "gnu++20";
				CLANG_ENABLE_MODULES = YES;
				CLANG_ENABLE_OBJC_ARC = YES;
				CLANG_ENABLE_OBJC_WEAK = YES;
				CLANG_WARN_BLOCK_CAPTURE_AUTORELEASING = YES;
				CLANG_WARN_BOOL_CONVERSION = YES;
				CLANG_WARN_COMMA = YES;
				CLANG_WARN_CONSTANT_CONVERSION = YES;
				CLANG_WARN_DEPRECATED_OBJC_IMPLEMENTATIONS = YES;
				CLANG_WARN_DIRECT_OBJC_ISA_USAGE = YES_ERROR;
				CLANG_WARN_DOCUMENTATION_COMMENTS = YES;
				CLANG_WARN_EMPTY_BODY = YES;
				CLANG_WARN_ENUM_CONVERSION = YES;
				CLANG_WARN_INFINITE_RECURSION = YES;
				CLANG_WARN_INT_CONVERSION = YES;
				CLANG_WARN_NON_LITERAL_NULL_CONVERSION = YES;
				CLANG_WARN_OBJC_IMPLICIT_RETAIN_SELF = YES;
				CLANG_WARN_OBJC_LITERAL_CONVERSION = YES;
				CLANG_WARN_OBJC_ROOT_CLASS = YES_ERROR;
				CLANG_WARN_QUOTED_INCLUDE_IN_FRAMEWORK_HEADER = YES;
				CLANG_WARN_RANGE_LOOP_ANALYSIS = YES;
				CLANG_WARN_STRICT_PROTOTYPES = YES;
				CLANG_WARN_SUSPICIOUS_MOVE = YES;
				CLANG_WARN_UNGUARDED_AVAILABILITY = YES_AGGRESSIVE;
				CLANG_WARN_UNREACHABLE_CODE = YES;
				CLANG_WARN__DUPLICATE_METHOD_MATCH = YES;
				COPY_PHASE_STRIP = NO;
				DEBUG_INFORMATION_FORMAT = "dwarf-with-dsym";
				ENABLE_NS_ASSERTIONS = NO;
				ENABLE_STRICT_OBJC_MSGSEND = YES;
				ENABLE_USER_SCRIPT_SANDBOXING = YES;
				GCC_C_LANGUAGE_STANDARD = gnu17;
				GCC_NO_COMMON_BLOCKS = YES;
				GCC_WARN_64_TO_32_BIT_CONVERSION = YES;
				GCC_WARN_ABOUT_RETURN_TYPE = YES_ERROR;
				GCC_WARN_UNDECLARED_SELECTOR = YES;
				GCC_WARN_UNINITIALIZED_AUTOS = YES_AGGRESSIVE;
				GCC_WARN_UNUSED_FUNCTION = YES;
				GCC_WARN_UNUSED_VARIABLE = YES;
				IPHONEOS_DEPLOYMENT_TARGET = 17.4;
				LOCALIZATION_PREFERS_STRING_CATALOGS = YES;
				MTL_ENABLE_DEBUG_INFO = NO;
				MTL_FAST_MATH = YES;
				SDKROOT = iphoneos;
				SWIFT_COMPILATION_MODE = wholemodule;
				VALIDATE_PRODUCT = YES;
			};
			name = Release;
		};
		A09CCA132C41E076009381BA /* Debug */ = {
			isa = XCBuildConfiguration;
			buildSettings = {
				ASSETCATALOG_COMPILER_APPICON_NAME = AppIcon;
				ASSETCATALOG_COMPILER_GLOBAL_ACCENT_COLOR_NAME = AccentColor;
				CODE_SIGN_ENTITLEMENTS = "Final-Project/Final-Project.entitlements";
				CODE_SIGN_IDENTITY = "Apple Development";
				CODE_SIGN_STYLE = Automatic;
				CURRENT_PROJECT_VERSION = 1;
				DEVELOPMENT_ASSET_PATHS = "\"Final-Project/Preview Content\"";
				DEVELOPMENT_TEAM = 6K87CT84C6;
				ENABLE_PREVIEWS = YES;
				GENERATE_INFOPLIST_FILE = YES;
				INFOPLIST_FILE = "Final-Project/Info.plist";
				INFOPLIST_KEY_UIApplicationSceneManifest_Generation = YES;
				INFOPLIST_KEY_UIApplicationSupportsIndirectInputEvents = YES;
				INFOPLIST_KEY_UILaunchScreen_Generation = YES;
				INFOPLIST_KEY_UISupportedInterfaceOrientations_iPad = "UIInterfaceOrientationPortrait UIInterfaceOrientationPortraitUpsideDown UIInterfaceOrientationLandscapeLeft UIInterfaceOrientationLandscapeRight";
				INFOPLIST_KEY_UISupportedInterfaceOrientations_iPhone = "UIInterfaceOrientationPortrait UIInterfaceOrientationLandscapeLeft UIInterfaceOrientationLandscapeRight";
				LD_RUNPATH_SEARCH_PATHS = (
					"$(inherited)",
					"@executable_path/Frameworks",
				);
				MARKETING_VERSION = 1.0;
				PRODUCT_BUNDLE_IDENTIFIER = "com.test.Final-Project";
				PRODUCT_NAME = "$(TARGET_NAME)";
				PROVISIONING_PROFILE_SPECIFIER = "";
				SWIFT_EMIT_LOC_STRINGS = YES;
				SWIFT_VERSION = 5.0;
				TARGETED_DEVICE_FAMILY = "1,2";
			};
			name = Debug;
		};
		A09CCA142C41E076009381BA /* Release */ = {
			isa = XCBuildConfiguration;
			buildSettings = {
				ASSETCATALOG_COMPILER_APPICON_NAME = AppIcon;
				ASSETCATALOG_COMPILER_GLOBAL_ACCENT_COLOR_NAME = AccentColor;
				CODE_SIGN_ENTITLEMENTS = "Final-Project/Final-Project.entitlements";
				CODE_SIGN_IDENTITY = "Apple Development";
				CODE_SIGN_STYLE = Automatic;
				CURRENT_PROJECT_VERSION = 1;
				DEVELOPMENT_ASSET_PATHS = "\"Final-Project/Preview Content\"";
				DEVELOPMENT_TEAM = 6K87CT84C6;
				ENABLE_PREVIEWS = YES;
				GENERATE_INFOPLIST_FILE = YES;
				INFOPLIST_FILE = "Final-Project/Info.plist";
				INFOPLIST_KEY_UIApplicationSceneManifest_Generation = YES;
				INFOPLIST_KEY_UIApplicationSupportsIndirectInputEvents = YES;
				INFOPLIST_KEY_UILaunchScreen_Generation = YES;
				INFOPLIST_KEY_UISupportedInterfaceOrientations_iPad = "UIInterfaceOrientationPortrait UIInterfaceOrientationPortraitUpsideDown UIInterfaceOrientationLandscapeLeft UIInterfaceOrientationLandscapeRight";
				INFOPLIST_KEY_UISupportedInterfaceOrientations_iPhone = "UIInterfaceOrientationPortrait UIInterfaceOrientationLandscapeLeft UIInterfaceOrientationLandscapeRight";
				LD_RUNPATH_SEARCH_PATHS = (
					"$(inherited)",
					"@executable_path/Frameworks",
				);
				MARKETING_VERSION = 1.0;
				PRODUCT_BUNDLE_IDENTIFIER = "com.test.Final-Project";
				PRODUCT_NAME = "$(TARGET_NAME)";
				PROVISIONING_PROFILE_SPECIFIER = "";
				SWIFT_EMIT_LOC_STRINGS = YES;
				SWIFT_VERSION = 5.0;
				TARGETED_DEVICE_FAMILY = "1,2";
			};
			name = Release;
		};
/* End XCBuildConfiguration section */

/* Begin XCConfigurationList section */
		A09CC9FF2C41E075009381BA /* Build configuration list for PBXProject "Final-Project" */ = {
			isa = XCConfigurationList;
			buildConfigurations = (
				A09CCA102C41E076009381BA /* Debug */,
				A09CCA112C41E076009381BA /* Release */,
			);
			defaultConfigurationIsVisible = 0;
			defaultConfigurationName = Release;
		};
		A09CCA122C41E076009381BA /* Build configuration list for PBXNativeTarget "Final-Project" */ = {
			isa = XCConfigurationList;
			buildConfigurations = (
				A09CCA132C41E076009381BA /* Debug */,
				A09CCA142C41E076009381BA /* Release */,
			);
			defaultConfigurationIsVisible = 0;
			defaultConfigurationName = Release;
		};
/* End XCConfigurationList section */

/* Begin XCRemoteSwiftPackageReference section */
		A0AF81132C49CF6900937A35 /* XCRemoteSwiftPackageReference "firebase-ios-sdk" */ = {
			isa = XCRemoteSwiftPackageReference;
			repositoryURL = "https://github.com/firebase/firebase-ios-sdk";
			requirement = {
				kind = upToNextMajorVersion;
				minimumVersion = 10.29.0;
			};
		};
/* End XCRemoteSwiftPackageReference section */

/* Begin XCSwiftPackageProductDependency section */
		A0AF811F2C49DB5A00937A35 /* FirebaseAuth */ = {
			isa = XCSwiftPackageProductDependency;
			package = A0AF81132C49CF6900937A35 /* XCRemoteSwiftPackageReference "firebase-ios-sdk" */;
			productName = FirebaseAuth;
		};
		A0AF81212C49DB7500937A35 /* FirebaseFirestore */ = {
			isa = XCSwiftPackageProductDependency;
			package = A0AF81132C49CF6900937A35 /* XCRemoteSwiftPackageReference "firebase-ios-sdk" */;
			productName = FirebaseFirestore;
		};
		A0AF81232C49DB7D00937A35 /* FirebaseFirestoreSwift */ = {
			isa = XCSwiftPackageProductDependency;
			package = A0AF81132C49CF6900937A35 /* XCRemoteSwiftPackageReference "firebase-ios-sdk" */;
			productName = FirebaseFirestoreSwift;
		};
		A0AF81252C49DB8B00937A35 /* FirebaseStorage */ = {
			isa = XCSwiftPackageProductDependency;
			package = A0AF81132C49CF6900937A35 /* XCRemoteSwiftPackageReference "firebase-ios-sdk" */;
			productName = FirebaseStorage;
		};
/* End XCSwiftPackageProductDependency section */
	};
	rootObject = A09CC9FC2C41E075009381BA /* Project object */;
}
